
Microsoft Visual Studio Solution File, Format Version 12.00
# Visual Studio 15
VisualStudioVersion = 15.0.27703.2000
MinimumVisualStudioVersion = 10.0.40219.1
Project("{FAE04EC0-301F-11D3-BF4B-00C04F79EFBC}") = "Fity", "Fity\Fity.csproj", "{3532B571-8340-4F0F-A67E-B6A89084F152}"
EndProject
Project("{2150E333-8FDC-42A3-9474-1A3956D46DE8}") = "src", "src", "{5016D892-54D8-4878-846C-0460EC0D42BC}"
EndProject
Project("{2150E333-8FDC-42A3-9474-1A3956D46DE8}") = "test", "test", "{54F7338D-8793-4B7E-8FB4-E4E6BC8E64A3}"
EndProject
Project("{FAE04EC0-301F-11D3-BF4B-00C04F79EFBC}") = "UnitTests", "UnitTests\UnitTests.csproj", "{49D33D44-4EFA-4A10-8D65-BA8CE7B22179}"
EndProject
Project("{2150E333-8FDC-42A3-9474-1A3956D46DE8}") = "Solution Items", "Solution Items", "{4ECBFEA9-EBA6-43DA-B1F5-110B311A6927}"
	ProjectSection(SolutionItems) = preProject
		.gitignore = .gitignore
	EndProjectSection
EndProject
Global
	GlobalSection(SolutionConfigurationPlatforms) = preSolution
		Debug|Any CPU = Debug|Any CPU
		Debug|ARM = Debug|ARM
		Debug|x64 = Debug|x64
		Debug|x86 = Debug|x86
		Release|Any CPU = Release|Any CPU
		Release|ARM = Release|ARM
		Release|x64 = Release|x64
		Release|x86 = Release|x86
	EndGlobalSection
	GlobalSection(ProjectConfigurationPlatforms) = postSolution
		{3532B571-8340-4F0F-A67E-B6A89084F152}.Debug|Any CPU.ActiveCfg = Debug|x86
		{3532B571-8340-4F0F-A67E-B6A89084F152}.Debug|Any CPU.Build.0 = Debug|x86
		{3532B571-8340-4F0F-A67E-B6A89084F152}.Debug|Any CPU.Deploy.0 = Debug|x86
		{3532B571-8340-4F0F-A67E-B6A89084F152}.Debug|ARM.ActiveCfg = Debug|ARM
		{3532B571-8340-4F0F-A67E-B6A89084F152}.Debug|ARM.Build.0 = Debug|ARM
		{3532B571-8340-4F0F-A67E-B6A89084F152}.Debug|ARM.Deploy.0 = Debug|ARM
		{3532B571-8340-4F0F-A67E-B6A89084F152}.Debug|x64.ActiveCfg = Debug|x64
		{3532B571-8340-4F0F-A67E-B6A89084F152}.Debug|x64.Build.0 = Debug|x64
		{3532B571-8340-4F0F-A67E-B6A89084F152}.Debug|x64.Deploy.0 = Debug|x64
		{3532B571-8340-4F0F-A67E-B6A89084F152}.Debug|x86.ActiveCfg = Debug|x86
		{3532B571-8340-4F0F-A67E-B6A89084F152}.Debug|x86.Build.0 = Debug|x86
		{3532B571-8340-4F0F-A67E-B6A89084F152}.Debug|x86.Deploy.0 = Debug|x86
		{3532B571-8340-4F0F-A67E-B6A89084F152}.Release|Any CPU.ActiveCfg = Release|x86
		{3532B571-8340-4F0F-A67E-B6A89084F152}.Release|ARM.ActiveCfg = Release|ARM
		{3532B571-8340-4F0F-A67E-B6A89084F152}.Release|ARM.Build.0 = Release|ARM
		{3532B571-8340-4F0F-A67E-B6A89084F152}.Release|ARM.Deploy.0 = Release|ARM
		{3532B571-8340-4F0F-A67E-B6A89084F152}.Release|x64.ActiveCfg = Release|x64
		{3532B571-8340-4F0F-A67E-B6A89084F152}.Release|x64.Build.0 = Release|x64
		{3532B571-8340-4F0F-A67E-B6A89084F152}.Release|x64.Deploy.0 = Release|x64
		{3532B571-8340-4F0F-A67E-B6A89084F152}.Release|x86.ActiveCfg = Release|x86
		{3532B571-8340-4F0F-A67E-B6A89084F152}.Release|x86.Build.0 = Release|x86
		{3532B571-8340-4F0F-A67E-B6A89084F152}.Release|x86.Deploy.0 = Release|x86
		{49D33D44-4EFA-4A10-8D65-BA8CE7B22179}.Debug|Any CPU.ActiveCfg = Debug|x86
		{49D33D44-4EFA-4A10-8D65-BA8CE7B22179}.Debug|Any CPU.Build.0 = Debug|x86
		{49D33D44-4EFA-4A10-8D65-BA8CE7B22179}.Debug|ARM.ActiveCfg = Debug|ARM
		{49D33D44-4EFA-4A10-8D65-BA8CE7B22179}.Debug|ARM.Build.0 = Debug|ARM
		{49D33D44-4EFA-4A10-8D65-BA8CE7B22179}.Debug|ARM.Deploy.0 = Debug|ARM
		{49D33D44-4EFA-4A10-8D65-BA8CE7B22179}.Debug|x64.ActiveCfg = Debug|x64
		{49D33D44-4EFA-4A10-8D65-BA8CE7B22179}.Debug|x64.Build.0 = Debug|x64
		{49D33D44-4EFA-4A10-8D65-BA8CE7B22179}.Debug|x64.Deploy.0 = Debug|x64
		{49D33D44-4EFA-4A10-8D65-BA8CE7B22179}.Debug|x86.ActiveCfg = Debug|x86
		{49D33D44-4EFA-4A10-8D65-BA8CE7B22179}.Debug|x86.Build.0 = Debug|x86
		{49D33D44-4EFA-4A10-8D65-BA8CE7B22179}.Debug|x86.Deploy.0 = Debug|x86
		{49D33D44-4EFA-4A10-8D65-BA8CE7B22179}.Release|Any CPU.ActiveCfg = Release|x86
		{49D33D44-4EFA-4A10-8D65-BA8CE7B22179}.Release|ARM.ActiveCfg = Release|ARM
		{49D33D44-4EFA-4A10-8D65-BA8CE7B22179}.Release|ARM.Build.0 = Release|ARM
		{49D33D44-4EFA-4A10-8D65-BA8CE7B22179}.Release|ARM.Deploy.0 = Release|ARM
		{49D33D44-4EFA-4A10-8D65-BA8CE7B22179}.Release|x64.ActiveCfg = Release|x64
		{49D33D44-4EFA-4A10-8D65-BA8CE7B22179}.Release|x64.Build.0 = Release|x64
		{49D33D44-4EFA-4A10-8D65-BA8CE7B22179}.Release|x64.Deploy.0 = Release|x64
		{49D33D44-4EFA-4A10-8D65-BA8CE7B22179}.Release|x86.ActiveCfg = Release|x86
		{49D33D44-4EFA-4A10-8D65-BA8CE7B22179}.Release|x86.Build.0 = Release|x86
		{49D33D44-4EFA-4A10-8D65-BA8CE7B22179}.Release|x86.Deploy.0 = Release|x86
	EndGlobalSection
	GlobalSection(SolutionProperties) = preSolution
		HideSolutionNode = FALSE
	EndGlobalSection
	GlobalSection(NestedProjects) = preSolution
		{3532B571-8340-4F0F-A67E-B6A89084F152} = {5016D892-54D8-4878-846C-0460EC0D42BC}
		{49D33D44-4EFA-4A10-8D65-BA8CE7B22179} = {54F7338D-8793-4B7E-8FB4-E4E6BC8E64A3}
	EndGlobalSection
	GlobalSection(ExtensibilityGlobals) = postSolution
		SolutionGuid = {552C3821-EF7A-4F28-AB6A-DAD34BCDA20A}
	EndGlobalSection
EndGlobal
